// !$*UTF8*$!
{
	archiveVersion = 1;
	classes = {
	};
	objectVersion = 48;
	objects = {

/* Begin PBXBuildFile section */
		EA7F08F6207AC0B2002934D2 /* main.cpp in Sources */ = {isa = PBXBuildFile; fileRef = EA7F08F5207AC0B2002934D2 /* main.cpp */; };
		EA7F08FE207AC0BB002934D2 /* OpenGL.framework in Frameworks */ = {isa = PBXBuildFile; fileRef = EA7F08FD207AC0BB002934D2 /* OpenGL.framework */; };
		EA7F0900207AC0C4002934D2 /* libglfw.3.2.dylib in Frameworks */ = {isa = PBXBuildFile; fileRef = EA7F08FF207AC0C4002934D2 /* libglfw.3.2.dylib */; };
		EA7F091C207AC11C002934D2 /* objectReader.cpp in Sources */ = {isa = PBXBuildFile; fileRef = EA7F0906207AC11C002934D2 /* objectReader.cpp */; };
		EA7F091D207AC11C002934D2 /* Camera.cpp in Sources */ = {isa = PBXBuildFile; fileRef = EA7F090E207AC11C002934D2 /* Camera.cpp */; };
		EA7F091E207AC11C002934D2 /* texture.cpp in Sources */ = {isa = PBXBuildFile; fileRef = EA7F0912207AC11C002934D2 /* texture.cpp */; };
		EA7F091F207AC11C002934D2 /* glad.c in Sources */ = {isa = PBXBuildFile; fileRef = EA7F091B207AC11C002934D2 /* glad.c */; };
/* End PBXBuildFile section */

/* Begin PBXCopyFilesBuildPhase section */
		EA7F08F0207AC0B2002934D2 /* CopyFiles */ = {
			isa = PBXCopyFilesBuildPhase;
			buildActionMask = 2147483647;
			dstPath = /usr/share/man/man1/;
			dstSubfolderSpec = 0;
			files = (
			);
			runOnlyForDeploymentPostprocessing = 1;
		};
/* End PBXCopyFilesBuildPhase section */

/* Begin PBXFileReference section */
		EA069F78207FEC9400B3ECA4 /* stars.jpg */ = {isa = PBXFileReference; lastKnownFileType = image.jpeg; path = stars.jpg; sourceTree = "<group>"; };
		EA069F79207FEFB800B3ECA4 /* README.md */ = {isa = PBXFileReference; lastKnownFileType = net.daringfireball.markdown; path = README.md; sourceTree = "<group>"; };
		EA069F7C20803B6C00B3ECA4 /* README.pdf */ = {isa = PBXFileReference; lastKnownFileType = image.pdf; path = README.pdf; sourceTree = "<group>"; };
		EA7F08F2207AC0B2002934D2 /* graphics_assig_5_06 */ = {isa = PBXFileReference; explicitFileType = "compiled.mach-o.executable"; includeInIndex = 0; path = graphics_assig_5_06; sourceTree = BUILT_PRODUCTS_DIR; };
		EA7F08F5207AC0B2002934D2 /* main.cpp */ = {isa = PBXFileReference; lastKnownFileType = sourcecode.cpp.cpp; path = main.cpp; sourceTree = "<group>"; };
		EA7F08FD207AC0BB002934D2 /* OpenGL.framework */ = {isa = PBXFileReference; lastKnownFileType = wrapper.framework; name = OpenGL.framework; path = System/Library/Frameworks/OpenGL.framework; sourceTree = SDKROOT; };
		EA7F08FF207AC0C4002934D2 /* libglfw.3.2.dylib */ = {isa = PBXFileReference; lastKnownFileType = "compiled.mach-o.dylib"; name = libglfw.3.2.dylib; path = ../../../../usr/local/Cellar/glfw/3.2.1/lib/libglfw.3.2.dylib; sourceTree = "<group>"; };
		EA7F0903207AC11C002934D2 /* moon.jpg */ = {isa = PBXFileReference; lastKnownFileType = image.jpeg; path = moon.jpg; sourceTree = "<group>"; };
		EA7F0904207AC11C002934D2 /* sun.jpg */ = {isa = PBXFileReference; lastKnownFileType = image.jpeg; path = sun.jpg; sourceTree = "<group>"; };
		EA7F0906207AC11C002934D2 /* objectReader.cpp */ = {isa = PBXFileReference; fileEncoding = 4; lastKnownFileType = sourcecode.cpp.cpp; path = objectReader.cpp; sourceTree = "<group>"; };
		EA7F0907207AC11C002934D2 /* objectReader.h */ = {isa = PBXFileReference; fileEncoding = 4; lastKnownFileType = sourcecode.c.h; path = objectReader.h; sourceTree = "<group>"; };
		EA7F0908207AC11C002934D2 /* Camera.h */ = {isa = PBXFileReference; fileEncoding = 4; lastKnownFileType = sourcecode.c.h; path = Camera.h; sourceTree = "<group>"; };
		EA7F090A207AC11C002934D2 /* stb_howto.txt */ = {isa = PBXFileReference; fileEncoding = 4; lastKnownFileType = text; path = stb_howto.txt; sourceTree = "<group>"; };
		EA7F090B207AC11C002934D2 /* stb_image_write.h */ = {isa = PBXFileReference; fileEncoding = 4; lastKnownFileType = sourcecode.c.h; path = stb_image_write.h; sourceTree = "<group>"; };
		EA7F090C207AC11C002934D2 /* stb_image.h */ = {isa = PBXFileReference; fileEncoding = 4; lastKnownFileType = sourcecode.c.h; path = stb_image.h; sourceTree = "<group>"; };
		EA7F090D207AC11C002934D2 /* README.md */ = {isa = PBXFileReference; fileEncoding = 4; lastKnownFileType = net.daringfireball.markdown; path = README.md; sourceTree = "<group>"; };
		EA7F090E207AC11C002934D2 /* Camera.cpp */ = {isa = PBXFileReference; fileEncoding = 4; lastKnownFileType = sourcecode.cpp.cpp; path = Camera.cpp; sourceTree = "<group>"; };
		EA7F0910207AC11C002934D2 /* fragment.glsl */ = {isa = PBXFileReference; fileEncoding = 4; lastKnownFileType = text; path = fragment.glsl; sourceTree = "<group>"; };
		EA7F0911207AC11C002934D2 /* vertex.glsl */ = {isa = PBXFileReference; fileEncoding = 4; lastKnownFileType = text; path = vertex.glsl; sourceTree = "<group>"; };
		EA7F0912207AC11C002934D2 /* texture.cpp */ = {isa = PBXFileReference; fileEncoding = 4; lastKnownFileType = sourcecode.cpp.cpp; path = texture.cpp; sourceTree = "<group>"; };
		EA7F0913207AC11C002934D2 /* texture.h */ = {isa = PBXFileReference; fileEncoding = 4; lastKnownFileType = sourcecode.c.h; path = texture.h; sourceTree = "<group>"; };
		EA7F0917207AC11C002934D2 /* khrplatform.h */ = {isa = PBXFileReference; fileEncoding = 4; lastKnownFileType = sourcecode.c.h; path = khrplatform.h; sourceTree = "<group>"; };
		EA7F0919207AC11C002934D2 /* glad.h */ = {isa = PBXFileReference; fileEncoding = 4; lastKnownFileType = sourcecode.c.h; path = glad.h; sourceTree = "<group>"; };
		EA7F091B207AC11C002934D2 /* glad.c */ = {isa = PBXFileReference; fileEncoding = 4; lastKnownFileType = sourcecode.c.c; path = glad.c; sourceTree = "<group>"; };
		EA7F0921207AC6E3002934D2 /* sphere.obj */ = {isa = PBXFileReference; fileEncoding = 4; lastKnownFileType = text; path = sphere.obj; sourceTree = "<group>"; };
		EA855188207D3EA10064117F /* earth.jpg */ = {isa = PBXFileReference; lastKnownFileType = image.jpeg; path = earth.jpg; sourceTree = "<group>"; };
/* End PBXFileReference section */

/* Begin PBXFrameworksBuildPhase section */
		EA7F08EF207AC0B2002934D2 /* Frameworks */ = {
			isa = PBXFrameworksBuildPhase;
			buildActionMask = 2147483647;
			files = (
				EA7F0900207AC0C4002934D2 /* libglfw.3.2.dylib in Frameworks */,
				EA7F08FE207AC0BB002934D2 /* OpenGL.framework in Frameworks */,
			);
			runOnlyForDeploymentPostprocessing = 0;
		};
/* End PBXFrameworksBuildPhase section */

/* Begin PBXGroup section */
		EA7F08E9207AC0B2002934D2 = {
			isa = PBXGroup;
			children = (
				EA069F7C20803B6C00B3ECA4 /* README.pdf */,
				EA069F79207FEFB800B3ECA4 /* README.md */,
				EA7F08F4207AC0B2002934D2 /* graphics_assig_5_06 */,
				EA7F08F3207AC0B2002934D2 /* Products */,
				EA7F08FC207AC0BB002934D2 /* Frameworks */,
			);
			sourceTree = "<group>";
		};
		EA7F08F3207AC0B2002934D2 /* Products */ = {
			isa = PBXGroup;
			children = (
				EA7F08F2207AC0B2002934D2 /* graphics_assig_5_06 */,
			);
			name = Products;
			sourceTree = "<group>";
		};
		EA7F08F4207AC0B2002934D2 /* graphics_assig_5_06 */ = {
			isa = PBXGroup;
			children = (
				EA7F0921207AC6E3002934D2 /* sphere.obj */,
				EA7F090E207AC11C002934D2 /* Camera.cpp */,
				EA7F0908207AC11C002934D2 /* Camera.h */,
				EA7F0901207AC11C002934D2 /* celestialBodyTextures */,
				EA7F0914207AC11C002934D2 /* glad */,
				EA7F0905207AC11C002934D2 /* objReader */,
				EA7F090F207AC11C002934D2 /* shaders */,
				EA7F0909207AC11C002934D2 /* stb */,
				EA7F0912207AC11C002934D2 /* texture.cpp */,
				EA7F0913207AC11C002934D2 /* texture.h */,
				EA7F08F5207AC0B2002934D2 /* main.cpp */,
			);
			path = graphics_assig_5_06;
			sourceTree = "<group>";
		};
		EA7F08FC207AC0BB002934D2 /* Frameworks */ = {
			isa = PBXGroup;
			children = (
				EA7F08FF207AC0C4002934D2 /* libglfw.3.2.dylib */,
				EA7F08FD207AC0BB002934D2 /* OpenGL.framework */,
			);
			name = Frameworks;
			sourceTree = "<group>";
		};
		EA7F0901207AC11C002934D2 /* celestialBodyTextures */ = {
			isa = PBXGroup;
			children = (
				EA069F78207FEC9400B3ECA4 /* stars.jpg */,
				EA855188207D3EA10064117F /* earth.jpg */,
				EA7F0903207AC11C002934D2 /* moon.jpg */,
				EA7F0904207AC11C002934D2 /* sun.jpg */,
			);
			path = celestialBodyTextures;
			sourceTree = "<group>";
		};
		EA7F0905207AC11C002934D2 /* objReader */ = {
			isa = PBXGroup;
			children = (
				EA7F0906207AC11C002934D2 /* objectReader.cpp */,
				EA7F0907207AC11C002934D2 /* objectReader.h */,
			);
			path = objReader;
			sourceTree = "<group>";
		};
		EA7F0909207AC11C002934D2 /* stb */ = {
			isa = PBXGroup;
			children = (
				EA7F090A207AC11C002934D2 /* stb_howto.txt */,
				EA7F090B207AC11C002934D2 /* stb_image_write.h */,
				EA7F090C207AC11C002934D2 /* stb_image.h */,
				EA7F090D207AC11C002934D2 /* README.md */,
			);
			path = stb;
			sourceTree = "<group>";
		};
		EA7F090F207AC11C002934D2 /* shaders */ = {
			isa = PBXGroup;
			children = (
				EA7F0910207AC11C002934D2 /* fragment.glsl */,
				EA7F0911207AC11C002934D2 /* vertex.glsl */,
			);
			path = shaders;
			sourceTree = "<group>";
		};
		EA7F0914207AC11C002934D2 /* glad */ = {
			isa = PBXGroup;
			children = (
				EA7F0915207AC11C002934D2 /* include */,
				EA7F091A207AC11C002934D2 /* src */,
			);
			path = glad;
			sourceTree = "<group>";
		};
		EA7F0915207AC11C002934D2 /* include */ = {
			isa = PBXGroup;
			children = (
				EA7F0916207AC11C002934D2 /* KHR */,
				EA7F0918207AC11C002934D2 /* glad */,
			);
			path = include;
			sourceTree = "<group>";
		};
		EA7F0916207AC11C002934D2 /* KHR */ = {
			isa = PBXGroup;
			children = (
				EA7F0917207AC11C002934D2 /* khrplatform.h */,
			);
			path = KHR;
			sourceTree = "<group>";
		};
		EA7F0918207AC11C002934D2 /* glad */ = {
			isa = PBXGroup;
			children = (
				EA7F0919207AC11C002934D2 /* glad.h */,
			);
			path = glad;
			sourceTree = "<group>";
		};
		EA7F091A207AC11C002934D2 /* src */ = {
			isa = PBXGroup;
			children = (
				EA7F091B207AC11C002934D2 /* glad.c */,
			);
			path = src;
			sourceTree = "<group>";
		};
/* End PBXGroup section */

/* Begin PBXNativeTarget section */
		EA7F08F1207AC0B2002934D2 /* graphics_assig_5_06 */ = {
			isa = PBXNativeTarget;
			buildConfigurationList = EA7F08F9207AC0B2002934D2 /* Build configuration list for PBXNativeTarget "graphics_assig_5_06" */;
			buildPhases = (
				EA7F08EE207AC0B2002934D2 /* Sources */,
				EA7F08EF207AC0B2002934D2 /* Frameworks */,
				EA7F08F0207AC0B2002934D2 /* CopyFiles */,
			);
			buildRules = (
			);
			dependencies = (
			);
			name = graphics_assig_5_06;
			productName = graphics_assig_5_06;
			productReference = EA7F08F2207AC0B2002934D2 /* graphics_assig_5_06 */;
			productType = "com.apple.product-type.tool";
		};
/* End PBXNativeTarget section */

/* Begin PBXProject section */
		EA7F08EA207AC0B2002934D2 /* Project object */ = {
			isa = PBXProject;
			attributes = {
				LastUpgradeCheck = 0920;
				ORGANIZATIONNAME = "Farzam Noori";
				TargetAttributes = {
					EA7F08F1207AC0B2002934D2 = {
						CreatedOnToolsVersion = 9.2;
						ProvisioningStyle = Automatic;
					};
				};
			};
			buildConfigurationList = EA7F08ED207AC0B2002934D2 /* Build configuration list for PBXProject "graphics_assig_5_06" */;
			compatibilityVersion = "Xcode 8.0";
			developmentRegion = en;
			hasScannedForEncodings = 0;
			knownRegions = (
				en,
			);
			mainGroup = EA7F08E9207AC0B2002934D2;
			productRefGroup = EA7F08F3207AC0B2002934D2 /* Products */;
			projectDirPath = "";
			projectRoot = "";
			targets = (
				EA7F08F1207AC0B2002934D2 /* graphics_assig_5_06 */,
			);
		};
/* End PBXProject section */

/* Begin PBXSourcesBuildPhase section */
		EA7F08EE207AC0B2002934D2 /* Sources */ = {
			isa = PBXSourcesBuildPhase;
			buildActionMask = 2147483647;
			files = (
				EA7F091F207AC11C002934D2 /* glad.c in Sources */,
				EA7F08F6207AC0B2002934D2 /* main.cpp in Sources */,
				EA7F091E207AC11C002934D2 /* texture.cpp in Sources */,
				EA7F091D207AC11C002934D2 /* Camera.cpp in Sources */,
				EA7F091C207AC11C002934D2 /* objectReader.cpp in Sources */,
			);
			runOnlyForDeploymentPostprocessing = 0;
		};
/* End PBXSourcesBuildPhase section */

/* Begin XCBuildConfiguration section */
		EA7F08F7207AC0B2002934D2 /* Debug */ = {
			isa = XCBuildConfiguration;
			buildSettings = {
				ALWAYS_SEARCH_USER_PATHS = NO;
				CLANG_ANALYZER_NONNULL = YES;
				CLANG_ANALYZER_NUMBER_OBJECT_CONVERSION = YES_AGGRESSIVE;
				CLANG_CXX_LANGUAGE_STANDARD = "gnu++14";
				CLANG_CXX_LIBRARY = "libc++";
				CLANG_ENABLE_MODULES = YES;
				CLANG_ENABLE_OBJC_ARC = YES;
				CLANG_WARN_BLOCK_CAPTURE_AUTORELEASING = YES;
				CLANG_WARN_BOOL_CONVERSION = YES;
				CLANG_WARN_COMMA = YES;
				CLANG_WARN_CONSTANT_CONVERSION = YES;
				CLANG_WARN_DIRECT_OBJC_ISA_USAGE = YES_ERROR;
				CLANG_WARN_DOCUMENTATION_COMMENTS = YES;
				CLANG_WARN_EMPTY_BODY = YES;
				CLANG_WARN_ENUM_CONVERSION = YES;
				CLANG_WARN_INFINITE_RECURSION = YES;
				CLANG_WARN_INT_CONVERSION = YES;
				CLANG_WARN_NON_LITERAL_NULL_CONVERSION = YES;
				CLANG_WARN_OBJC_LITERAL_CONVERSION = YES;
				CLANG_WARN_OBJC_ROOT_CLASS = YES_ERROR;
				CLANG_WARN_RANGE_LOOP_ANALYSIS = YES;
				CLANG_WARN_STRICT_PROTOTYPES = YES;
				CLANG_WARN_SUSPICIOUS_MOVE = YES;
				CLANG_WARN_UNGUARDED_AVAILABILITY = YES_AGGRESSIVE;
				CLANG_WARN_UNREACHABLE_CODE = YES;
				CLANG_WARN__DUPLICATE_METHOD_MATCH = YES;
				CODE_SIGN_IDENTITY = "-";
				COPY_PHASE_STRIP = NO;
				DEBUG_INFORMATION_FORMAT = dwarf;
				ENABLE_STRICT_OBJC_MSGSEND = YES;
				ENABLE_TESTABILITY = YES;
				GCC_C_LANGUAGE_STANDARD = gnu11;
				GCC_DYNAMIC_NO_PIC = NO;
				GCC_NO_COMMON_BLOCKS = YES;
				GCC_OPTIMIZATION_LEVEL = 0;
				GCC_PREPROCESSOR_DEFINITIONS = (
					"DEBUG=1",
					"$(inherited)",
				);
				GCC_WARN_64_TO_32_BIT_CONVERSION = YES;
				GCC_WARN_ABOUT_RETURN_TYPE = YES_ERROR;
				GCC_WARN_UNDECLARED_SELECTOR = YES;
				GCC_WARN_UNINITIALIZED_AUTOS = YES_AGGRESSIVE;
				GCC_WARN_UNUSED_FUNCTION = YES;
				GCC_WARN_UNUSED_VARIABLE = YES;
				MACOSX_DEPLOYMENT_TARGET = 10.13;
				MTL_ENABLE_DEBUG_INFO = YES;
				ONLY_ACTIVE_ARCH = YES;
				SDKROOT = macosx;
			};
			name = Debug;
		};
		EA7F08F8207AC0B2002934D2 /* Release */ = {
			isa = XCBuildConfiguration;
			buildSettings = {
				ALWAYS_SEARCH_USER_PATHS = NO;
				CLANG_ANALYZER_NONNULL = YES;
				CLANG_ANALYZER_NUMBER_OBJECT_CONVERSION = YES_AGGRESSIVE;
				CLANG_CXX_LANGUAGE_STANDARD = "gnu++14";
				CLANG_CXX_LIBRARY = "libc++";
				CLANG_ENABLE_MODULES = YES;
				CLANG_ENABLE_OBJC_ARC = YES;
				CLANG_WARN_BLOCK_CAPTURE_AUTORELEASING = YES;
				CLANG_WARN_BOOL_CONVERSION = YES;
				CLANG_WARN_COMMA = YES;
				CLANG_WARN_CONSTANT_CONVERSION = YES;
				CLANG_WARN_DIRECT_OBJC_ISA_USAGE = YES_ERROR;
				CLANG_WARN_DOCUMENTATION_COMMENTS = YES;
				CLANG_WARN_EMPTY_BODY = YES;
				CLANG_WARN_ENUM_CONVERSION = YES;
				CLANG_WARN_INFINITE_RECURSION = YES;
				CLANG_WARN_INT_CONVERSION = YES;
				CLANG_WARN_NON_LITERAL_NULL_CONVERSION = YES;
				CLANG_WARN_OBJC_LITERAL_CONVERSION = YES;
				CLANG_WARN_OBJC_ROOT_CLASS = YES_ERROR;
				CLANG_WARN_RANGE_LOOP_ANALYSIS = YES;
				CLANG_WARN_STRICT_PROTOTYPES = YES;
				CLANG_WARN_SUSPICIOUS_MOVE = YES;
				CLANG_WARN_UNGUARDED_AVAILABILITY = YES_AGGRESSIVE;
				CLANG_WARN_UNREACHABLE_CODE = YES;
				CLANG_WARN__DUPLICATE_METHOD_MATCH = YES;
				CODE_SIGN_IDENTITY = "-";
				COPY_PHASE_STRIP = NO;
				DEBUG_INFORMATION_FORMAT = "dwarf-with-dsym";
				ENABLE_NS_ASSERTIONS = NO;
				ENABLE_STRICT_OBJC_MSGSEND = YES;
				GCC_C_LANGUAGE_STANDARD = gnu11;
				GCC_NO_COMMON_BLOCKS = YES;
				GCC_WARN_64_TO_32_BIT_CONVERSION = YES;
				GCC_WARN_ABOUT_RETURN_TYPE = YES_ERROR;
				GCC_WARN_UNDECLARED_SELECTOR = YES;
				GCC_WARN_UNINITIALIZED_AUTOS = YES_AGGRESSIVE;
				GCC_WARN_UNUSED_FUNCTION = YES;
				GCC_WARN_UNUSED_VARIABLE = YES;
				MACOSX_DEPLOYMENT_TARGET = 10.13;
				MTL_ENABLE_DEBUG_INFO = NO;
				SDKROOT = macosx;
			};
			name = Release;
		};
		EA7F08FA207AC0B2002934D2 /* Debug */ = {
			isa = XCBuildConfiguration;
			buildSettings = {
				CODE_SIGN_STYLE = Automatic;
				HEADER_SEARCH_PATHS = /usr/local/include;
				LIBRARY_SEARCH_PATHS = (
					"$(inherited)",
					/usr/local/Cellar/glfw/3.2.1/lib,
				);
				PRODUCT_NAME = "$(TARGET_NAME)";
			};
			name = Debug;
		};
		EA7F08FB207AC0B2002934D2 /* Release */ = {
			isa = XCBuildConfiguration;
			buildSettings = {
				CODE_SIGN_STYLE = Automatic;
				HEADER_SEARCH_PATHS = /usr/local/include;
				LIBRARY_SEARCH_PATHS = (
					"$(inherited)",
					/usr/local/Cellar/glfw/3.2.1/lib,
				);
				PRODUCT_NAME = "$(TARGET_NAME)";
			};
			name = Release;
		};
/* End XCBuildConfiguration section */

/* Begin XCConfigurationList section */
		EA7F08ED207AC0B2002934D2 /* Build configuration list for PBXProject "graphics_assig_5_06" */ = {
			isa = XCConfigurationList;
			buildConfigurations = (
				EA7F08F7207AC0B2002934D2 /* Debug */,
				EA7F08F8207AC0B2002934D2 /* Release */,
			);
			defaultConfigurationIsVisible = 0;
			defaultConfigurationName = Release;
		};
		EA7F08F9207AC0B2002934D2 /* Build configuration list for PBXNativeTarget "graphics_assig_5_06" */ = {
			isa = XCConfigurationList;
			buildConfigurations = (
				EA7F08FA207AC0B2002934D2 /* Debug */,
				EA7F08FB207AC0B2002934D2 /* Release */,
			);
			defaultConfigurationIsVisible = 0;
			defaultConfigurationName = Release;
		};
/* End XCConfigurationList section */
	};
	rootObject = EA7F08EA207AC0B2002934D2 /* Project object */;
}
